
Microsoft Visual Studio Solution File, Format Version 12.00
# Visual Studio Version 17
VisualStudioVersion = 17.14.36616.10 d17.14
MinimumVisualStudioVersion = 10.0.40219.1
Project("{FAE04EC0-301F-11D3-BF4B-00C04F79EFBC}") = "Ordering_Toylo_IT13", "Ordering_Toylo_IT13.csproj", "{7DB7FF88-2C4E-46F7-AB1A-A55EAEB1F6FA}"
EndProject
Global
	GlobalSection(SolutionConfigurationPlatforms) = preSolution
		Debug|Any CPU = Debug|Any CPU
		Release|Any CPU = Release|Any CPU
	EndGlobalSection
	GlobalSection(ProjectConfigurationPlatforms) = postSolution
		{7DB7FF88-2C4E-46F7-AB1A-A55EAEB1F6FA}.Debug|Any CPU.ActiveCfg = Debug|Any CPU
		{7DB7FF88-2C4E-46F7-AB1A-A55EAEB1F6FA}.Debug|Any CPU.Build.0 = Debug|Any CPU
		{7DB7FF88-2C4E-46F7-AB1A-A55EAEB1F6FA}.Release|Any CPU.ActiveCfg = Release|Any CPU
		{7DB7FF88-2C4E-46F7-AB1A-A55EAEB1F6FA}.Release|Any CPU.Build.0 = Release|Any CPU
	EndGlobalSection
	GlobalSection(SolutionProperties) = preSolution
		HideSolutionNode = FALSE
	EndGlobalSection
	GlobalSection(ExtensibilityGlobals) = postSolution
		SolutionGuid = {9F01DFF6-9677-484A-8283-B23966D8018A}
	EndGlobalSection
EndGlobal
